// !$*UTF8*$!
{
	archiveVersion = 1;
	classes = {
	};
	objectVersion = 46;
	objects = {

/* Begin PBXBuildFile section */
		7CDA003E1585FCC70035619C /* UIKit.framework in Frameworks */ = {isa = PBXBuildFile; fileRef = 7CDA003D1585FCC70035619C /* UIKit.framework */; };
		7CDA00401585FCC70035619C /* Foundation.framework in Frameworks */ = {isa = PBXBuildFile; fileRef = 7CDA003F1585FCC70035619C /* Foundation.framework */; };
		7CDA00421585FCC70035619C /* CoreGraphics.framework in Frameworks */ = {isa = PBXBuildFile; fileRef = 7CDA00411585FCC70035619C /* CoreGraphics.framework */; };
		7CDA00481585FCC70035619C /* InfoPlist.strings in Resources */ = {isa = PBXBuildFile; fileRef = 7CDA00461585FCC70035619C /* InfoPlist.strings */; };
		7CDA004A1585FCC70035619C /* main.m in Sources */ = {isa = PBXBuildFile; fileRef = 7CDA00491585FCC70035619C /* main.m */; };
		7CDA006F1585FD570035619C /* libsqlite3.dylib in Frameworks */ = {isa = PBXBuildFile; fileRef = 7CDA006E1585FD570035619C /* libsqlite3.dylib */; };
		7CDA00711585FD650035619C /* CFNetwork.framework in Frameworks */ = {isa = PBXBuildFile; fileRef = 7CDA00701585FD650035619C /* CFNetwork.framework */; };
		7CDA00731585FD6F0035619C /* MessageUI.framework in Frameworks */ = {isa = PBXBuildFile; fileRef = 7CDA00721585FD6F0035619C /* MessageUI.framework */; };
		7CDA00751585FD790035619C /* StoreKit.framework in Frameworks */ = {isa = PBXBuildFile; fileRef = 7CDA00741585FD790035619C /* StoreKit.framework */; };
		7CDA00771585FD860035619C /* MediaPlayer.framework in Frameworks */ = {isa = PBXBuildFile; fileRef = 7CDA00761585FD860035619C /* MediaPlayer.framework */; };
		7CDA00791585FDA10035619C /* SystemConfiguration.framework in Frameworks */ = {isa = PBXBuildFile; fileRef = 7CDA00781585FDA10035619C /* SystemConfiguration.framework */; };
		7CDA00821585FE560035619C /* 10-medical.png in Resources */ = {isa = PBXBuildFile; fileRef = 7CDA007B1585FE560035619C /* 10-medical.png */; };
		7CDA00831585FE560035619C /* 20-gear2.png in Resources */ = {isa = PBXBuildFile; fileRef = 7CDA007C1585FE560035619C /* 20-gear2.png */; };
		7CDA00841585FE560035619C /* 44-shoebox.png in Resources */ = {isa = PBXBuildFile; fileRef = 7CDA007D1585FE560035619C /* 44-shoebox.png */; };
		7CDA00851585FE560035619C /* 45-movie1.png in Resources */ = {isa = PBXBuildFile; fileRef = 7CDA007E1585FE560035619C /* 45-movie1.png */; };
		7CDA00861585FE560035619C /* 60-signpost.png in Resources */ = {isa = PBXBuildFile; fileRef = 7CDA007F1585FE560035619C /* 60-signpost.png */; };
		7CDA00871585FE560035619C /* 80-shopping-cart.png in Resources */ = {isa = PBXBuildFile; fileRef = 7CDA00801585FE560035619C /* 80-shopping-cart.png */; };
		7CDA00881585FE560035619C /* 130-dice.png in Resources */ = {isa = PBXBuildFile; fileRef = 7CDA00811585FE560035619C /* 130-dice.png */; };
		7CDA008A1585FE700035619C /* LearnersCloudLogo.png in Resources */ = {isa = PBXBuildFile; fileRef = 7CDA00891585FE700035619C /* LearnersCloudLogo.png */; };
		7CDA008C1585FE8D0035619C /* buynow.jpeg in Resources */ = {isa = PBXBuildFile; fileRef = 7CDA008B1585FE8D0035619C /* buynow.jpeg */; };
		7CDA008E1585FEE70035619C /* MainWindow.xib in Resources */ = {isa = PBXBuildFile; fileRef = 7CDA008D1585FEE70035619C /* MainWindow.xib */; };
		7CDA00971585FF490035619C /* Default.png in Resources */ = {isa = PBXBuildFile; fileRef = 7CDA00961585FF490035619C /* Default.png */; };
		7CDA00991585FF560035619C /* Default@2x.png in Resources */ = {isa = PBXBuildFile; fileRef = 7CDA00981585FF560035619C /* Default@2x.png */; };
		7CDA009B1585FF920035619C /* EnglishBackground.png in Resources */ = {isa = PBXBuildFile; fileRef = 7CDA009A1585FF920035619C /* EnglishBackground.png */; };
		7CDA00A11585FFE40035619C /* Icon-72.png in Resources */ = {isa = PBXBuildFile; fileRef = 7CDA009C1585FFE40035619C /* Icon-72.png */; };
		7CDA00A21585FFE40035619C /* Icon-Small-50.png in Resources */ = {isa = PBXBuildFile; fileRef = 7CDA009D1585FFE40035619C /* Icon-Small-50.png */; };
		7CDA00A31585FFE40035619C /* Icon.png in Resources */ = {isa = PBXBuildFile; fileRef = 7CDA009E1585FFE40035619C /* Icon.png */; };
		7CDA00A41585FFE40035619C /* Icon@2x.png in Resources */ = {isa = PBXBuildFile; fileRef = 7CDA009F1585FFE40035619C /* Icon@2x.png */; };
		7CDA00A51585FFE40035619C /* iTunesArtwork.png in Resources */ = {isa = PBXBuildFile; fileRef = 7CDA00A01585FFE40035619C /* iTunesArtwork.png */; };
		7CDA00A7158600570035619C /* BlackBackGround_Iphone.png in Resources */ = {isa = PBXBuildFile; fileRef = 7CDA00A6158600570035619C /* BlackBackGround_Iphone.png */; };
		7CDA00C7158601CF0035619C /* HowtouseVideoStreamer.pdf in Resources */ = {isa = PBXBuildFile; fileRef = 7CDA00C6158601CF0035619C /* HowtouseVideoStreamer.pdf */; };
		7CDA00C9158601DA0035619C /* LearnersCloudTermsonapps.pdf in Resources */ = {isa = PBXBuildFile; fileRef = 7CDA00C8158601DA0035619C /* LearnersCloudTermsonapps.pdf */; };
		7CDA00CD1586020A0035619C /* libGoogleAnalytics.a in Frameworks */ = {isa = PBXBuildFile; fileRef = 7CDA00CC1586020A0035619C /* libGoogleAnalytics.a */; };
		7CDA00CE1586052D0035619C /* HowtoUse.m in Sources */ = {isa = PBXBuildFile; fileRef = 7CDA00C1158601700035619C /* HowtoUse.m */; };
		7CDA00CF158605370035619C /* TermsAndConditions.m in Sources */ = {isa = PBXBuildFile; fileRef = 7CDA00BF158601610035619C /* TermsAndConditions.m */; };
		7CDA00D0158605410035619C /* Help.m in Sources */ = {isa = PBXBuildFile; fileRef = 7CDA00BD158601520035619C /* Help.m */; };
		7CDA00D1158605550035619C /* Report.m in Sources */ = {isa = PBXBuildFile; fileRef = 7CDA00BB158601430035619C /* Report.m */; };
		7CDA00D2158605600035619C /* AdminDashBoard.m in Sources */ = {isa = PBXBuildFile; fileRef = 7CDA00B9158601330035619C /* AdminDashBoard.m */; };
		7CDA00D3158605680035619C /* LearnersCloudSamplesVideos.m in Sources */ = {isa = PBXBuildFile; fileRef = 7CDA00B7158601250035619C /* LearnersCloudSamplesVideos.m */; };
		7CDA00D4158605780035619C /* ActivityIndicator.m in Sources */ = {isa = PBXBuildFile; fileRef = 7CDA00941585FF1C0035619C /* ActivityIndicator.m */; };
		7CDA00D5158605880035619C /* TabBar.m in Sources */ = {isa = PBXBuildFile; fileRef = 7CDA00921585FF120035619C /* TabBar.m */; };
		7CDA00D61586058F0035619C /* ConfigObject.m in Sources */ = {isa = PBXBuildFile; fileRef = 7CDA00C41586019B0035619C /* ConfigObject.m */; };
		7CDA00D71586059B0035619C /* CustomStoreObserver.m in Sources */ = {isa = PBXBuildFile; fileRef = 7CDA00B2158600E30035619C /* CustomStoreObserver.m */; };
		7CDA00D8158605A30035619C /* Buy.m in Sources */ = {isa = PBXBuildFile; fileRef = 7CDA00B0158600D40035619C /* Buy.m */; };
		7CDA00D9158605AB0035619C /* VideoPlayer.m in Sources */ = {isa = PBXBuildFile; fileRef = 7CDA00AE158600C20035619C /* VideoPlayer.m */; };
		7CDA00DA158605B50035619C /* FreeVideosClass.m in Sources */ = {isa = PBXBuildFile; fileRef = 7CDA00AC158600AF0035619C /* FreeVideosClass.m */; };
		7CDA00DB158605BF0035619C /* Start.m in Sources */ = {isa = PBXBuildFile; fileRef = 7CDA00AA1586008D0035619C /* Start.m */; };
		7CDA00DC158605C70035619C /* Reachability.m in Sources */ = {isa = PBXBuildFile; fileRef = 7CDA006D1585FD3D0035619C /* Reachability.m */; };
		7CDA00DD158605D00035619C /* AppDelegate.m in Sources */ = {isa = PBXBuildFile; fileRef = 7CDA00901585FF040035619C /* AppDelegate.m */; };
		7CDA00DE158605E50035619C /* CustomCell.m in Sources */ = {isa = PBXBuildFile; fileRef = 7CDA00B4158600F40035619C /* CustomCell.m */; };
/* End PBXBuildFile section */

/* Begin PBXFileReference section */
		7CDA00391585FCC70035619C /* English Videos.app */ = {isa = PBXFileReference; explicitFileType = wrapper.application; includeInIndex = 0; path = "English Videos.app"; sourceTree = BUILT_PRODUCTS_DIR; };
		7CDA003D1585FCC70035619C /* UIKit.framework */ = {isa = PBXFileReference; lastKnownFileType = wrapper.framework; name = UIKit.framework; path = System/Library/Frameworks/UIKit.framework; sourceTree = SDKROOT; };
		7CDA003F1585FCC70035619C /* Foundation.framework */ = {isa = PBXFileReference; lastKnownFileType = wrapper.framework; name = Foundation.framework; path = System/Library/Frameworks/Foundation.framework; sourceTree = SDKROOT; };
		7CDA00411585FCC70035619C /* CoreGraphics.framework */ = {isa = PBXFileReference; lastKnownFileType = wrapper.framework; name = CoreGraphics.framework; path = System/Library/Frameworks/CoreGraphics.framework; sourceTree = SDKROOT; };
		7CDA00451585FCC70035619C /* EnglishVideoStreameriPhone-Info.plist */ = {isa = PBXFileReference; lastKnownFileType = text.plist.xml; path = "EnglishVideoStreameriPhone-Info.plist"; sourceTree = "<group>"; };
		7CDA00471585FCC70035619C /* en */ = {isa = PBXFileReference; lastKnownFileType = text.plist.strings; name = en; path = en.lproj/InfoPlist.strings; sourceTree = "<group>"; };
		7CDA00491585FCC70035619C /* main.m */ = {isa = PBXFileReference; lastKnownFileType = sourcecode.c.objc; path = main.m; sourceTree = "<group>"; };
		7CDA004B1585FCC70035619C /* EnglishVideoStreameriPhone-Prefix.pch */ = {isa = PBXFileReference; lastKnownFileType = sourcecode.c.h; path = "EnglishVideoStreameriPhone-Prefix.pch"; sourceTree = "<group>"; };
		7CDA006C1585FD3D0035619C /* Reachability.h */ = {isa = PBXFileReference; lastKnownFileType = sourcecode.c.h; path = Reachability.h; sourceTree = "<group>"; };
		7CDA006D1585FD3D0035619C /* Reachability.m */ = {isa = PBXFileReference; lastKnownFileType = sourcecode.c.objc; path = Reachability.m; sourceTree = "<group>"; };
		7CDA006E1585FD570035619C /* libsqlite3.dylib */ = {isa = PBXFileReference; lastKnownFileType = "compiled.mach-o.dylib"; name = libsqlite3.dylib; path = usr/lib/libsqlite3.dylib; sourceTree = SDKROOT; };
		7CDA00701585FD650035619C /* CFNetwork.framework */ = {isa = PBXFileReference; lastKnownFileType = wrapper.framework; name = CFNetwork.framework; path = System/Library/Frameworks/CFNetwork.framework; sourceTree = SDKROOT; };
		7CDA00721585FD6F0035619C /* MessageUI.framework */ = {isa = PBXFileReference; lastKnownFileType = wrapper.framework; name = MessageUI.framework; path = System/Library/Frameworks/MessageUI.framework; sourceTree = SDKROOT; };
		7CDA00741585FD790035619C /* StoreKit.framework */ = {isa = PBXFileReference; lastKnownFileType = wrapper.framework; name = StoreKit.framework; path = System/Library/Frameworks/StoreKit.framework; sourceTree = SDKROOT; };
		7CDA00761585FD860035619C /* MediaPlayer.framework */ = {isa = PBXFileReference; lastKnownFileType = wrapper.framework; name = MediaPlayer.framework; path = System/Library/Frameworks/MediaPlayer.framework; sourceTree = SDKROOT; };
		7CDA00781585FDA10035619C /* SystemConfiguration.framework */ = {isa = PBXFileReference; lastKnownFileType = wrapper.framework; name = SystemConfiguration.framework; path = System/Library/Frameworks/SystemConfiguration.framework; sourceTree = SDKROOT; };
		7CDA007B1585FE560035619C /* 10-medical.png */ = {isa = PBXFileReference; lastKnownFileType = image.png; path = "10-medical.png"; sourceTree = "<group>"; };
		7CDA007C1585FE560035619C /* 20-gear2.png */ = {isa = PBXFileReference; lastKnownFileType = image.png; path = "20-gear2.png"; sourceTree = "<group>"; };
		7CDA007D1585FE560035619C /* 44-shoebox.png */ = {isa = PBXFileReference; lastKnownFileType = image.png; path = "44-shoebox.png"; sourceTree = "<group>"; };
		7CDA007E1585FE560035619C /* 45-movie1.png */ = {isa = PBXFileReference; lastKnownFileType = image.png; path = "45-movie1.png"; sourceTree = "<group>"; };
		7CDA007F1585FE560035619C /* 60-signpost.png */ = {isa = PBXFileReference; lastKnownFileType = image.png; path = "60-signpost.png"; sourceTree = "<group>"; };
		7CDA00801585FE560035619C /* 80-shopping-cart.png */ = {isa = PBXFileReference; lastKnownFileType = image.png; path = "80-shopping-cart.png"; sourceTree = "<group>"; };
		7CDA00811585FE560035619C /* 130-dice.png */ = {isa = PBXFileReference; lastKnownFileType = image.png; path = "130-dice.png"; sourceTree = "<group>"; };
		7CDA00891585FE700035619C /* LearnersCloudLogo.png */ = {isa = PBXFileReference; lastKnownFileType = image.png; path = LearnersCloudLogo.png; sourceTree = "<group>"; };
		7CDA008B1585FE8D0035619C /* buynow.jpeg */ = {isa = PBXFileReference; lastKnownFileType = image.jpeg; path = buynow.jpeg; sourceTree = "<group>"; };
		7CDA008D1585FEE70035619C /* MainWindow.xib */ = {isa = PBXFileReference; fileEncoding = 4; lastKnownFileType = file.xib; path = MainWindow.xib; sourceTree = "<group>"; };
		7CDA008F1585FF040035619C /* AppDelegate.h */ = {isa = PBXFileReference; lastKnownFileType = sourcecode.c.h; path = AppDelegate.h; sourceTree = "<group>"; };
		7CDA00901585FF040035619C /* AppDelegate.m */ = {isa = PBXFileReference; lastKnownFileType = sourcecode.c.objc; path = AppDelegate.m; sourceTree = "<group>"; };
		7CDA00911585FF120035619C /* TabBar.h */ = {isa = PBXFileReference; lastKnownFileType = sourcecode.c.h; path = TabBar.h; sourceTree = "<group>"; };
		7CDA00921585FF120035619C /* TabBar.m */ = {isa = PBXFileReference; lastKnownFileType = sourcecode.c.objc; path = TabBar.m; sourceTree = "<group>"; };
		7CDA00931585FF1C0035619C /* ActivityIndicator.h */ = {isa = PBXFileReference; lastKnownFileType = sourcecode.c.h; path = ActivityIndicator.h; sourceTree = "<group>"; };
		7CDA00941585FF1C0035619C /* ActivityIndicator.m */ = {isa = PBXFileReference; lastKnownFileType = sourcecode.c.objc; path = ActivityIndicator.m; sourceTree = "<group>"; };
		7CDA00961585FF490035619C /* Default.png */ = {isa = PBXFileReference; lastKnownFileType = image.png; path = Default.png; sourceTree = "<group>"; };
		7CDA00981585FF560035619C /* Default@2x.png */ = {isa = PBXFileReference; lastKnownFileType = image.png; path = "Default@2x.png"; sourceTree = "<group>"; };
		7CDA009A1585FF920035619C /* EnglishBackground.png */ = {isa = PBXFileReference; lastKnownFileType = image.png; path = EnglishBackground.png; sourceTree = "<group>"; };
		7CDA009C1585FFE40035619C /* Icon-72.png */ = {isa = PBXFileReference; lastKnownFileType = image.png; path = "Icon-72.png"; sourceTree = "<group>"; };
		7CDA009D1585FFE40035619C /* Icon-Small-50.png */ = {isa = PBXFileReference; lastKnownFileType = image.png; path = "Icon-Small-50.png"; sourceTree = "<group>"; };
		7CDA009E1585FFE40035619C /* Icon.png */ = {isa = PBXFileReference; lastKnownFileType = image.png; path = Icon.png; sourceTree = "<group>"; };
		7CDA009F1585FFE40035619C /* Icon@2x.png */ = {isa = PBXFileReference; lastKnownFileType = image.png; path = "Icon@2x.png"; sourceTree = "<group>"; };
		7CDA00A01585FFE40035619C /* iTunesArtwork.png */ = {isa = PBXFileReference; lastKnownFileType = image.png; path = iTunesArtwork.png; sourceTree = "<group>"; };
		7CDA00A6158600570035619C /* BlackBackGround_Iphone.png */ = {isa = PBXFileReference; lastKnownFileType = image.png; path = BlackBackGround_Iphone.png; sourceTree = "<group>"; };
		7CDA00A91586008D0035619C /* Start.h */ = {isa = PBXFileReference; lastKnownFileType = sourcecode.c.h; path = Start.h; sourceTree = "<group>"; };
		7CDA00AA1586008D0035619C /* Start.m */ = {isa = PBXFileReference; lastKnownFileType = sourcecode.c.objc; path = Start.m; sourceTree = "<group>"; };
		7CDA00AB158600AF0035619C /* FreeVideosClass.h */ = {isa = PBXFileReference; lastKnownFileType = sourcecode.c.h; path = FreeVideosClass.h; sourceTree = "<group>"; };
		7CDA00AC158600AF0035619C /* FreeVideosClass.m */ = {isa = PBXFileReference; lastKnownFileType = sourcecode.c.objc; path = FreeVideosClass.m; sourceTree = "<group>"; };
		7CDA00AD158600C20035619C /* VideoPlayer.h */ = {isa = PBXFileReference; lastKnownFileType = sourcecode.c.h; path = VideoPlayer.h; sourceTree = "<group>"; };
		7CDA00AE158600C20035619C /* VideoPlayer.m */ = {isa = PBXFileReference; lastKnownFileType = sourcecode.c.objc; path = VideoPlayer.m; sourceTree = "<group>"; };
		7CDA00AF158600D40035619C /* Buy.h */ = {isa = PBXFileReference; lastKnownFileType = sourcecode.c.h; path = Buy.h; sourceTree = "<group>"; };
		7CDA00B0158600D40035619C /* Buy.m */ = {isa = PBXFileReference; lastKnownFileType = sourcecode.c.objc; path = Buy.m; sourceTree = "<group>"; };
		7CDA00B1158600E30035619C /* CustomStoreObserver.h */ = {isa = PBXFileReference; lastKnownFileType = sourcecode.c.h; path = CustomStoreObserver.h; sourceTree = "<group>"; };
		7CDA00B2158600E30035619C /* CustomStoreObserver.m */ = {isa = PBXFileReference; lastKnownFileType = sourcecode.c.objc; path = CustomStoreObserver.m; sourceTree = "<group>"; };
		7CDA00B3158600F40035619C /* CustomCell.h */ = {isa = PBXFileReference; lastKnownFileType = sourcecode.c.h; path = CustomCell.h; sourceTree = "<group>"; };
		7CDA00B4158600F40035619C /* CustomCell.m */ = {isa = PBXFileReference; lastKnownFileType = sourcecode.c.objc; path = CustomCell.m; sourceTree = "<group>"; };
		7CDA00B6158601250035619C /* LearnersCloudSamplesVideos.h */ = {isa = PBXFileReference; lastKnownFileType = sourcecode.c.h; path = LearnersCloudSamplesVideos.h; sourceTree = "<group>"; };
		7CDA00B7158601250035619C /* LearnersCloudSamplesVideos.m */ = {isa = PBXFileReference; lastKnownFileType = sourcecode.c.objc; path = LearnersCloudSamplesVideos.m; sourceTree = "<group>"; };
		7CDA00B8158601330035619C /* AdminDashBoard.h */ = {isa = PBXFileReference; lastKnownFileType = sourcecode.c.h; path = AdminDashBoard.h; sourceTree = "<group>"; };
		7CDA00B9158601330035619C /* AdminDashBoard.m */ = {isa = PBXFileReference; lastKnownFileType = sourcecode.c.objc; path = AdminDashBoard.m; sourceTree = "<group>"; };
		7CDA00BA158601430035619C /* Report.h */ = {isa = PBXFileReference; lastKnownFileType = sourcecode.c.h; path = Report.h; sourceTree = "<group>"; };
		7CDA00BB158601430035619C /* Report.m */ = {isa = PBXFileReference; lastKnownFileType = sourcecode.c.objc; path = Report.m; sourceTree = "<group>"; };
		7CDA00BC158601520035619C /* Help.h */ = {isa = PBXFileReference; lastKnownFileType = sourcecode.c.h; path = Help.h; sourceTree = "<group>"; };
		7CDA00BD158601520035619C /* Help.m */ = {isa = PBXFileReference; lastKnownFileType = sourcecode.c.objc; path = Help.m; sourceTree = "<group>"; };
		7CDA00BE158601610035619C /* TermsAndConditions.h */ = {isa = PBXFileReference; lastKnownFileType = sourcecode.c.h; path = TermsAndConditions.h; sourceTree = "<group>"; };
		7CDA00BF158601610035619C /* TermsAndConditions.m */ = {isa = PBXFileReference; lastKnownFileType = sourcecode.c.objc; path = TermsAndConditions.m; sourceTree = "<group>"; };
		7CDA00C0158601700035619C /* HowtoUse.h */ = {isa = PBXFileReference; lastKnownFileType = sourcecode.c.h; path = HowtoUse.h; sourceTree = "<group>"; };
		7CDA00C1158601700035619C /* HowtoUse.m */ = {isa = PBXFileReference; lastKnownFileType = sourcecode.c.objc; path = HowtoUse.m; sourceTree = "<group>"; };
		7CDA00C31586019B0035619C /* ConfigObject.h */ = {isa = PBXFileReference; lastKnownFileType = sourcecode.c.h; path = ConfigObject.h; sourceTree = "<group>"; };
		7CDA00C41586019B0035619C /* ConfigObject.m */ = {isa = PBXFileReference; lastKnownFileType = sourcecode.c.objc; path = ConfigObject.m; sourceTree = "<group>"; };
		7CDA00C6158601CF0035619C /* HowtouseVideoStreamer.pdf */ = {isa = PBXFileReference; lastKnownFileType = image.pdf; path = HowtouseVideoStreamer.pdf; sourceTree = "<group>"; };
		7CDA00C8158601DA0035619C /* LearnersCloudTermsonapps.pdf */ = {isa = PBXFileReference; lastKnownFileType = image.pdf; path = LearnersCloudTermsonapps.pdf; sourceTree = "<group>"; };
		7CDA00CB158601FE0035619C /* GANTracker.h */ = {isa = PBXFileReference; lastKnownFileType = sourcecode.c.h; path = GANTracker.h; sourceTree = "<group>"; };
		7CDA00CC1586020A0035619C /* libGoogleAnalytics.a */ = {isa = PBXFileReference; lastKnownFileType = archive.ar; path = libGoogleAnalytics.a; sourceTree = "<group>"; };
/* End PBXFileReference section */

/* Begin PBXFrameworksBuildPhase section */
		7CDA00361585FCC70035619C /* Frameworks */ = {
			isa = PBXFrameworksBuildPhase;
			buildActionMask = 2147483647;
			files = (
				7CDA00791585FDA10035619C /* SystemConfiguration.framework in Frameworks */,
				7CDA00771585FD860035619C /* MediaPlayer.framework in Frameworks */,
				7CDA00751585FD790035619C /* StoreKit.framework in Frameworks */,
				7CDA00731585FD6F0035619C /* MessageUI.framework in Frameworks */,
				7CDA00711585FD650035619C /* CFNetwork.framework in Frameworks */,
				7CDA006F1585FD570035619C /* libsqlite3.dylib in Frameworks */,
				7CDA003E1585FCC70035619C /* UIKit.framework in Frameworks */,
				7CDA00401585FCC70035619C /* Foundation.framework in Frameworks */,
				7CDA00421585FCC70035619C /* CoreGraphics.framework in Frameworks */,
				7CDA00CD1586020A0035619C /* libGoogleAnalytics.a in Frameworks */,
			);
			runOnlyForDeploymentPostprocessing = 0;
		};
/* End PBXFrameworksBuildPhase section */

/* Begin PBXGroup section */
		7CDA002E1585FCC70035619C = {
			isa = PBXGroup;
			children = (
				7CDA00CA158601ED0035619C /* Analytics */,
				7CDA00C5158601AF0035619C /* Video images */,
				7CDA00C21586017C0035619C /* Data Models */,
				7CDA00B5158601090035619C /* Classes */,
				7CDA00A8158600680035619C /* ClientSideClasses */,
				7CDA00951585FF330035619C /* Resource */,
				7CDA007A1585FE3A0035619C /* Icons */,
				7CDA00431585FCC70035619C /* EnglishVideoStreameriPhone */,
				7CDA003C1585FCC70035619C /* Frameworks */,
				7CDA003A1585FCC70035619C /* Products */,
			);
			sourceTree = "<group>";
		};
		7CDA003A1585FCC70035619C /* Products */ = {
			isa = PBXGroup;
			children = (
				7CDA00391585FCC70035619C /* English Videos.app */,
			);
			name = Products;
			sourceTree = "<group>";
		};
		7CDA003C1585FCC70035619C /* Frameworks */ = {
			isa = PBXGroup;
			children = (
				7CDA006C1585FD3D0035619C /* Reachability.h */,
				7CDA006D1585FD3D0035619C /* Reachability.m */,
				7CDA006E1585FD570035619C /* libsqlite3.dylib */,
				7CDA00781585FDA10035619C /* SystemConfiguration.framework */,
				7CDA00761585FD860035619C /* MediaPlayer.framework */,
				7CDA00741585FD790035619C /* StoreKit.framework */,
				7CDA00721585FD6F0035619C /* MessageUI.framework */,
				7CDA00701585FD650035619C /* CFNetwork.framework */,
				7CDA003D1585FCC70035619C /* UIKit.framework */,
				7CDA003F1585FCC70035619C /* Foundation.framework */,
				7CDA00411585FCC70035619C /* CoreGraphics.framework */,
			);
			name = Frameworks;
			sourceTree = "<group>";
		};
		7CDA00431585FCC70035619C /* EnglishVideoStreameriPhone */ = {
			isa = PBXGroup;
			children = (
				7CDA008F1585FF040035619C /* AppDelegate.h */,
				7CDA00901585FF040035619C /* AppDelegate.m */,
				7CDA00911585FF120035619C /* TabBar.h */,
				7CDA00921585FF120035619C /* TabBar.m */,
				7CDA00931585FF1C0035619C /* ActivityIndicator.h */,
				7CDA00941585FF1C0035619C /* ActivityIndicator.m */,
				7CDA00451585FCC70035619C /* EnglishVideoStreameriPhone-Info.plist */,
				7CDA00461585FCC70035619C /* InfoPlist.strings */,
				7CDA00491585FCC70035619C /* main.m */,
				7CDA004B1585FCC70035619C /* EnglishVideoStreameriPhone-Prefix.pch */,
				7CDA008D1585FEE70035619C /* MainWindow.xib */,
			);
			path = EnglishVideoStreameriPhone;
			sourceTree = "<group>";
		};
		7CDA007A1585FE3A0035619C /* Icons */ = {
			isa = PBXGroup;
			children = (
				7CDA007B1585FE560035619C /* 10-medical.png */,
				7CDA007C1585FE560035619C /* 20-gear2.png */,
				7CDA007D1585FE560035619C /* 44-shoebox.png */,
				7CDA007E1585FE560035619C /* 45-movie1.png */,
				7CDA00891585FE700035619C /* LearnersCloudLogo.png */,
				7CDA007F1585FE560035619C /* 60-signpost.png */,
				7CDA00801585FE560035619C /* 80-shopping-cart.png */,
				7CDA00811585FE560035619C /* 130-dice.png */,
				7CDA008B1585FE8D0035619C /* buynow.jpeg */,
			);
			name = Icons;
			sourceTree = "<group>";
		};
		7CDA00951585FF330035619C /* Resource */ = {
			isa = PBXGroup;
			children = (
				7CDA00961585FF490035619C /* Default.png */,
				7CDA00981585FF560035619C /* Default@2x.png */,
				7CDA009A1585FF920035619C /* EnglishBackground.png */,
				7CDA009C1585FFE40035619C /* Icon-72.png */,
				7CDA009D1585FFE40035619C /* Icon-Small-50.png */,
				7CDA009E1585FFE40035619C /* Icon.png */,
				7CDA009F1585FFE40035619C /* Icon@2x.png */,
				7CDA00A01585FFE40035619C /* iTunesArtwork.png */,
				7CDA00A6158600570035619C /* BlackBackGround_Iphone.png */,
			);
			name = Resource;
			sourceTree = "<group>";
		};
		7CDA00A8158600680035619C /* ClientSideClasses */ = {
			isa = PBXGroup;
			children = (
				7CDA00A91586008D0035619C /* Start.h */,
				7CDA00AA1586008D0035619C /* Start.m */,
				7CDA00AB158600AF0035619C /* FreeVideosClass.h */,
				7CDA00AC158600AF0035619C /* FreeVideosClass.m */,
				7CDA00AD158600C20035619C /* VideoPlayer.h */,
				7CDA00AE158600C20035619C /* VideoPlayer.m */,
				7CDA00AF158600D40035619C /* Buy.h */,
				7CDA00B0158600D40035619C /* Buy.m */,
				7CDA00B1158600E30035619C /* CustomStoreObserver.h */,
				7CDA00B2158600E30035619C /* CustomStoreObserver.m */,
				7CDA00B3158600F40035619C /* CustomCell.h */,
				7CDA00B4158600F40035619C /* CustomCell.m */,
			);
			name = ClientSideClasses;
			sourceTree = "<group>";
		};
		7CDA00B5158601090035619C /* Classes */ = {
			isa = PBXGroup;
			children = (
				7CDA00B6158601250035619C /* LearnersCloudSamplesVideos.h */,
				7CDA00B7158601250035619C /* LearnersCloudSamplesVideos.m */,
				7CDA00B8158601330035619C /* AdminDashBoard.h */,
				7CDA00B9158601330035619C /* AdminDashBoard.m */,
				7CDA00BA158601430035619C /* Report.h */,
				7CDA00BB158601430035619C /* Report.m */,
				7CDA00BC158601520035619C /* Help.h */,
				7CDA00BD158601520035619C /* Help.m */,
				7CDA00BE158601610035619C /* TermsAndConditions.h */,
				7CDA00BF158601610035619C /* TermsAndConditions.m */,
				7CDA00C0158601700035619C /* HowtoUse.h */,
				7CDA00C1158601700035619C /* HowtoUse.m */,
			);
			name = Classes;
			sourceTree = "<group>";
		};
		7CDA00C21586017C0035619C /* Data Models */ = {
			isa = PBXGroup;
			children = (
				7CDA00C31586019B0035619C /* ConfigObject.h */,
				7CDA00C41586019B0035619C /* ConfigObject.m */,
			);
			name = "Data Models";
			sourceTree = "<group>";
		};
		7CDA00C5158601AF0035619C /* Video images */ = {
			isa = PBXGroup;
			children = (
				7CDA00C6158601CF0035619C /* HowtouseVideoStreamer.pdf */,
				7CDA00C8158601DA0035619C /* LearnersCloudTermsonapps.pdf */,
			);
			name = "Video images";
			sourceTree = "<group>";
		};
		7CDA00CA158601ED0035619C /* Analytics */ = {
			isa = PBXGroup;
			children = (
				7CDA00CB158601FE0035619C /* GANTracker.h */,
				7CDA00CC1586020A0035619C /* libGoogleAnalytics.a */,
			);
			name = Analytics;
			sourceTree = "<group>";
		};
/* End PBXGroup section */

/* Begin PBXNativeTarget section */
		7CDA00381585FCC70035619C /* EnglishVideoStreameriPhone */ = {
			isa = PBXNativeTarget;
			buildConfigurationList = 7CDA00651585FCC70035619C /* Build configuration list for PBXNativeTarget "EnglishVideoStreameriPhone" */;
			buildPhases = (
				7CDA00351585FCC70035619C /* Sources */,
				7CDA00361585FCC70035619C /* Frameworks */,
				7CDA00371585FCC70035619C /* Resources */,
			);
			buildRules = (
			);
			dependencies = (
			);
			name = EnglishVideoStreameriPhone;
			productName = EnglishVideoStreameriPhone;
			productReference = 7CDA00391585FCC70035619C /* English Videos.app */;
			productType = "com.apple.product-type.application";
		};
/* End PBXNativeTarget section */

/* Begin PBXProject section */
		7CDA00301585FCC70035619C /* Project object */ = {
			isa = PBXProject;
			attributes = {
				LastUpgradeCheck = 0430;
				ORGANIZATIONNAME = caxtonidowu;
			};
			buildConfigurationList = 7CDA00331585FCC70035619C /* Build configuration list for PBXProject "EnglishVideoStreameriPhone" */;
			compatibilityVersion = "Xcode 3.2";
			developmentRegion = English;
			hasScannedForEncodings = 0;
			knownRegions = (
				en,
			);
			mainGroup = 7CDA002E1585FCC70035619C;
			productRefGroup = 7CDA003A1585FCC70035619C /* Products */;
			projectDirPath = "";
			projectRoot = "";
			targets = (
				7CDA00381585FCC70035619C /* EnglishVideoStreameriPhone */,
			);
		};
/* End PBXProject section */

/* Begin PBXResourcesBuildPhase section */
		7CDA00371585FCC70035619C /* Resources */ = {
			isa = PBXResourcesBuildPhase;
			buildActionMask = 2147483647;
			files = (
				7CDA00481585FCC70035619C /* InfoPlist.strings in Resources */,
				7CDA00821585FE560035619C /* 10-medical.png in Resources */,
				7CDA00831585FE560035619C /* 20-gear2.png in Resources */,
				7CDA00841585FE560035619C /* 44-shoebox.png in Resources */,
				7CDA00851585FE560035619C /* 45-movie1.png in Resources */,
				7CDA00861585FE560035619C /* 60-signpost.png in Resources */,
				7CDA00871585FE560035619C /* 80-shopping-cart.png in Resources */,
				7CDA00881585FE560035619C /* 130-dice.png in Resources */,
				7CDA008A1585FE700035619C /* LearnersCloudLogo.png in Resources */,
				7CDA008C1585FE8D0035619C /* buynow.jpeg in Resources */,
				7CDA008E1585FEE70035619C /* MainWindow.xib in Resources */,
				7CDA00971585FF490035619C /* Default.png in Resources */,
				7CDA00991585FF560035619C /* Default@2x.png in Resources */,
				7CDA009B1585FF920035619C /* EnglishBackground.png in Resources */,
				7CDA00A11585FFE40035619C /* Icon-72.png in Resources */,
				7CDA00A21585FFE40035619C /* Icon-Small-50.png in Resources */,
				7CDA00A31585FFE40035619C /* Icon.png in Resources */,
				7CDA00A41585FFE40035619C /* Icon@2x.png in Resources */,
				7CDA00A51585FFE40035619C /* iTunesArtwork.png in Resources */,
				7CDA00A7158600570035619C /* BlackBackGround_Iphone.png in Resources */,
				7CDA00C7158601CF0035619C /* HowtouseVideoStreamer.pdf in Resources */,
				7CDA00C9158601DA0035619C /* LearnersCloudTermsonapps.pdf in Resources */,
			);
			runOnlyForDeploymentPostprocessing = 0;
		};
/* End PBXResourcesBuildPhase section */

/* Begin PBXSourcesBuildPhase section */
		7CDA00351585FCC70035619C /* Sources */ = {
			isa = PBXSourcesBuildPhase;
			buildActionMask = 2147483647;
			files = (
				7CDA00DE158605E50035619C /* CustomCell.m in Sources */,
				7CDA00DD158605D00035619C /* AppDelegate.m in Sources */,
				7CDA00DC158605C70035619C /* Reachability.m in Sources */,
				7CDA00DB158605BF0035619C /* Start.m in Sources */,
				7CDA00DA158605B50035619C /* FreeVideosClass.m in Sources */,
				7CDA00D9158605AB0035619C /* VideoPlayer.m in Sources */,
				7CDA00D8158605A30035619C /* Buy.m in Sources */,
				7CDA00D71586059B0035619C /* CustomStoreObserver.m in Sources */,
				7CDA00D61586058F0035619C /* ConfigObject.m in Sources */,
				7CDA00D5158605880035619C /* TabBar.m in Sources */,
				7CDA00D4158605780035619C /* ActivityIndicator.m in Sources */,
				7CDA00D3158605680035619C /* LearnersCloudSamplesVideos.m in Sources */,
				7CDA00D2158605600035619C /* AdminDashBoard.m in Sources */,
				7CDA00D1158605550035619C /* Report.m in Sources */,
				7CDA00D0158605410035619C /* Help.m in Sources */,
				7CDA00CF158605370035619C /* TermsAndConditions.m in Sources */,
				7CDA00CE1586052D0035619C /* HowtoUse.m in Sources */,
				7CDA004A1585FCC70035619C /* main.m in Sources */,
			);
			runOnlyForDeploymentPostprocessing = 0;
		};
/* End PBXSourcesBuildPhase section */

/* Begin PBXVariantGroup section */
		7CDA00461585FCC70035619C /* InfoPlist.strings */ = {
			isa = PBXVariantGroup;
			children = (
				7CDA00471585FCC70035619C /* en */,
			);
			name = InfoPlist.strings;
			sourceTree = "<group>";
		};
/* End PBXVariantGroup section */

/* Begin XCBuildConfiguration section */
		7CDA00631585FCC70035619C /* Debug */ = {
			isa = XCBuildConfiguration;
			buildSettings = {
				ALWAYS_SEARCH_USER_PATHS = NO;
				ARCHS = "$(ARCHS_STANDARD_32_BIT)";
				CLANG_ENABLE_OBJC_ARC = YES;
				"CODE_SIGN_IDENTITY[sdk=iphoneos*]" = "iPhone Developer";
				COPY_PHASE_STRIP = NO;
				GCC_C_LANGUAGE_STANDARD = gnu99;
				GCC_DYNAMIC_NO_PIC = NO;
				GCC_OPTIMIZATION_LEVEL = 0;
				GCC_PREPROCESSOR_DEFINITIONS = (
					"DEBUG=1",
					"$(inherited)",
				);
				GCC_SYMBOLS_PRIVATE_EXTERN = NO;
				GCC_VERSION = com.apple.compilers.llvm.clang.1_0;
				GCC_WARN_ABOUT_RETURN_TYPE = YES;
				GCC_WARN_UNINITIALIZED_AUTOS = YES;
				GCC_WARN_UNUSED_VARIABLE = YES;
				IPHONEOS_DEPLOYMENT_TARGET = 4.3;
				SDKROOT = iphoneos;
			};
			name = Debug;
		};
		7CDA00641585FCC70035619C /* Release */ = {
			isa = XCBuildConfiguration;
			buildSettings = {
				ALWAYS_SEARCH_USER_PATHS = NO;
				ARCHS = "$(ARCHS_STANDARD_32_BIT)";
				CLANG_ENABLE_OBJC_ARC = YES;
				"CODE_SIGN_IDENTITY[sdk=iphoneos*]" = "iPhone Developer";
				COPY_PHASE_STRIP = YES;
				GCC_C_LANGUAGE_STANDARD = gnu99;
				GCC_VERSION = com.apple.compilers.llvm.clang.1_0;
				GCC_WARN_ABOUT_RETURN_TYPE = YES;
				GCC_WARN_UNINITIALIZED_AUTOS = YES;
				GCC_WARN_UNUSED_VARIABLE = YES;
				IPHONEOS_DEPLOYMENT_TARGET = 4.3;
				OTHER_CFLAGS = "-DNS_BLOCK_ASSERTIONS=1";
				SDKROOT = iphoneos;
				VALIDATE_PRODUCT = YES;
			};
			name = Release;
		};
		7CDA00661585FCC70035619C /* Debug */ = {
			isa = XCBuildConfiguration;
			buildSettings = {
				GCC_PRECOMPILE_PREFIX_HEADER = YES;
				GCC_PREFIX_HEADER = "EnglishVideoStreameriPhone/EnglishVideoStreameriPhone-Prefix.pch";
				INFOPLIST_FILE = "EnglishVideoStreameriPhone/EnglishVideoStreameriPhone-Info.plist";
				LIBRARY_SEARCH_PATHS = (
					"$(inherited)",
					"\"$(SRCROOT)\"",
				);
				PRODUCT_NAME = "English Videos";
				WRAPPER_EXTENSION = app;
			};
			name = Debug;
		};
		7CDA00671585FCC70035619C /* Release */ = {
			isa = XCBuildConfiguration;
			buildSettings = {
				GCC_PRECOMPILE_PREFIX_HEADER = YES;
				GCC_PREFIX_HEADER = "EnglishVideoStreameriPhone/EnglishVideoStreameriPhone-Prefix.pch";
				INFOPLIST_FILE = "EnglishVideoStreameriPhone/EnglishVideoStreameriPhone-Info.plist";
				LIBRARY_SEARCH_PATHS = (
					"$(inherited)",
					"\"$(SRCROOT)\"",
				);
				PRODUCT_NAME = "English Videos";
				WRAPPER_EXTENSION = app;
			};
			name = Release;
		};
/* End XCBuildConfiguration section */

/* Begin XCConfigurationList section */
		7CDA00331585FCC70035619C /* Build configuration list for PBXProject "EnglishVideoStreameriPhone" */ = {
			isa = XCConfigurationList;
			buildConfigurations = (
				7CDA00631585FCC70035619C /* Debug */,
				7CDA00641585FCC70035619C /* Release */,
			);
			defaultConfigurationIsVisible = 0;
			defaultConfigurationName = Release;
		};
		7CDA00651585FCC70035619C /* Build configuration list for PBXNativeTarget "EnglishVideoStreameriPhone" */ = {
			isa = XCConfigurationList;
			buildConfigurations = (
				7CDA00661585FCC70035619C /* Debug */,
				7CDA00671585FCC70035619C /* Release */,
			);
			defaultConfigurationIsVisible = 0;
		};
/* End XCConfigurationList section */
	};
	rootObject = 7CDA00301585FCC70035619C /* Project object */;
}
